
Microsoft Visual Studio Solution File, Format Version 12.00
# Visual Studio 2013
VisualStudioVersion = 12.0.21005.1
MinimumVisualStudioVersion = 10.0.40219.1
Project("{FAE04EC0-301F-11D3-BF4B-00C04F79EFBC}") = "ExamSignSystem", "ExamSignSystem\ExamSignSystem.csproj", "{6560AD9A-84AD-4BE9-B6AD-16BD4C46DEEC}"
EndProject
Project("{FAE04EC0-301F-11D3-BF4B-00C04F79EFBC}") = "ExamSignSystemDAL", "ExamSignSystemDAL\ExamSignSystemDAL.csproj", "{8677993E-63FD-4E51-B698-AD7BD84EBFCF}"
EndProject
Project("{FAE04EC0-301F-11D3-BF4B-00C04F79EFBC}") = "ExamSignSystemBLL", "ExamSignSystemBLL\ExamSignSystemBLL.csproj", "{134D06E2-8415-4F65-978C-91617090A331}"
EndProject
Project("{FAE04EC0-301F-11D3-BF4B-00C04F79EFBC}") = "ExamSignSystemEntity", "ExamSignSystemEntity\ExamSignSystemEntity.csproj", "{1FD45C91-CAED-41F1-8697-9FE417D6C10D}"
EndProject
Global
	GlobalSection(SolutionConfigurationPlatforms) = preSolution
		Debug|Any CPU = Debug|Any CPU
		Release|Any CPU = Release|Any CPU
	EndGlobalSection
	GlobalSection(ProjectConfigurationPlatforms) = postSolution
		{6560AD9A-84AD-4BE9-B6AD-16BD4C46DEEC}.Debug|Any CPU.ActiveCfg = Debug|Any CPU
		{6560AD9A-84AD-4BE9-B6AD-16BD4C46DEEC}.Debug|Any CPU.Build.0 = Debug|Any CPU
		{6560AD9A-84AD-4BE9-B6AD-16BD4C46DEEC}.Release|Any CPU.ActiveCfg = Release|Any CPU
		{6560AD9A-84AD-4BE9-B6AD-16BD4C46DEEC}.Release|Any CPU.Build.0 = Release|Any CPU
		{8677993E-63FD-4E51-B698-AD7BD84EBFCF}.Debug|Any CPU.ActiveCfg = Debug|Any CPU
		{8677993E-63FD-4E51-B698-AD7BD84EBFCF}.Debug|Any CPU.Build.0 = Debug|Any CPU
		{8677993E-63FD-4E51-B698-AD7BD84EBFCF}.Release|Any CPU.ActiveCfg = Release|Any CPU
		{8677993E-63FD-4E51-B698-AD7BD84EBFCF}.Release|Any CPU.Build.0 = Release|Any CPU
		{134D06E2-8415-4F65-978C-91617090A331}.Debug|Any CPU.ActiveCfg = Debug|Any CPU
		{134D06E2-8415-4F65-978C-91617090A331}.Debug|Any CPU.Build.0 = Debug|Any CPU
		{134D06E2-8415-4F65-978C-91617090A331}.Release|Any CPU.ActiveCfg = Release|Any CPU
		{134D06E2-8415-4F65-978C-91617090A331}.Release|Any CPU.Build.0 = Release|Any CPU
		{1FD45C91-CAED-41F1-8697-9FE417D6C10D}.Debug|Any CPU.ActiveCfg = Debug|Any CPU
		{1FD45C91-CAED-41F1-8697-9FE417D6C10D}.Debug|Any CPU.Build.0 = Debug|Any CPU
		{1FD45C91-CAED-41F1-8697-9FE417D6C10D}.Release|Any CPU.ActiveCfg = Release|Any CPU
		{1FD45C91-CAED-41F1-8697-9FE417D6C10D}.Release|Any CPU.Build.0 = Release|Any CPU
	EndGlobalSection
	GlobalSection(SolutionProperties) = preSolution
		HideSolutionNode = FALSE
	EndGlobalSection
EndGlobal
